PODS:
  - Reusable (4.1.1):
    - Reusable/Storyboard (= 4.1.1)
    - Reusable/View (= 4.1.1)
  - Reusable/Storyboard (4.1.1)
  - Reusable/View (4.1.1)

DEPENDENCIES:
  - Reusable

SPEC REPOS:
  https://github.com/CocoaPods/Specs.git:
    - Reusable

SPEC CHECKSUMS:
  Reusable: 53a9acf5c536f229b31b5865782414b508252ddb

PODFILE CHECKSUM: 6490506cb66c55c9baeffb7775ed2f604a3e437e

COCOAPODS: 1.10.1
