// !$*UTF8*$!
{
	archiveVersion = 1;
	classes = {
	};
	objectVersion = 55;
	objects = {

/* Begin PBXBuildFile section */
		814D53412789DE7800D0DF2E /* mo_audio.mm in Sources */ = {isa = PBXBuildFile; fileRef = 814D533D2789DE7800D0DF2E /* mo_audio.mm */; };
		814D53422789DE7800D0DF2E /* mo_gfx.mm in Sources */ = {isa = PBXBuildFile; fileRef = 814D533E2789DE7800D0DF2E /* mo_gfx.mm */; };
		814D53432789DE7800D0DF2E /* FrequencyHelper.mm in Sources */ = {isa = PBXBuildFile; fileRef = 814D533F2789DE7800D0DF2E /* FrequencyHelper.mm */; };
		814D53442789DE7800D0DF2E /* FFTHelper.mm in Sources */ = {isa = PBXBuildFile; fileRef = 814D53402789DE7800D0DF2E /* FFTHelper.mm */; };
/* End PBXBuildFile section */

/* Begin PBXCopyFilesBuildPhase section */
		81BCCA272789DBC500DDB86F /* CopyFiles */ = {
			isa = PBXCopyFilesBuildPhase;
			buildActionMask = 2147483647;
			dstPath = "include/$(PRODUCT_NAME)";
			dstSubfolderSpec = 16;
			files = (
			);
			runOnlyForDeploymentPostprocessing = 0;
		};
/* End PBXCopyFilesBuildPhase section */

/* Begin PBXFileReference section */
		814D53372789DE7800D0DF2E /* FFTHelper.h */ = {isa = PBXFileReference; fileEncoding = 4; lastKnownFileType = sourcecode.c.h; path = FFTHelper.h; sourceTree = "<group>"; };
		814D53382789DE7800D0DF2E /* FrequencyHelper.h */ = {isa = PBXFileReference; fileEncoding = 4; lastKnownFileType = sourcecode.c.h; path = FrequencyHelper.h; sourceTree = "<group>"; };
		814D533A2789DE7800D0DF2E /* mo_audio.h */ = {isa = PBXFileReference; fileEncoding = 4; lastKnownFileType = sourcecode.c.h; path = mo_audio.h; sourceTree = "<group>"; };
		814D533B2789DE7800D0DF2E /* mo_def.h */ = {isa = PBXFileReference; fileEncoding = 4; lastKnownFileType = sourcecode.c.h; path = mo_def.h; sourceTree = "<group>"; };
		814D533C2789DE7800D0DF2E /* mo_gfx.h */ = {isa = PBXFileReference; fileEncoding = 4; lastKnownFileType = sourcecode.c.h; path = mo_gfx.h; sourceTree = "<group>"; };
		814D533D2789DE7800D0DF2E /* mo_audio.mm */ = {isa = PBXFileReference; fileEncoding = 4; lastKnownFileType = sourcecode.cpp.objcpp; path = mo_audio.mm; sourceTree = "<group>"; };
		814D533E2789DE7800D0DF2E /* mo_gfx.mm */ = {isa = PBXFileReference; fileEncoding = 4; lastKnownFileType = sourcecode.cpp.objcpp; path = mo_gfx.mm; sourceTree = "<group>"; };
		814D533F2789DE7800D0DF2E /* FrequencyHelper.mm */ = {isa = PBXFileReference; fileEncoding = 4; lastKnownFileType = sourcecode.cpp.objcpp; path = FrequencyHelper.mm; sourceTree = "<group>"; };
		814D53402789DE7800D0DF2E /* FFTHelper.mm */ = {isa = PBXFileReference; fileEncoding = 4; lastKnownFileType = sourcecode.cpp.objcpp; path = FFTHelper.mm; sourceTree = "<group>"; };
		814D53512789E35200D0DF2E /* AudioToolbox.framework */ = {isa = PBXFileReference; lastKnownFileType = wrapper.framework; name = AudioToolbox.framework; path = Platforms/MacOSX.platform/Developer/SDKs/MacOSX11.3.sdk/System/Library/Frameworks/AudioToolbox.framework; sourceTree = DEVELOPER_DIR; };
		81BCCA292789DBC500DDB86F /* libFrequencyHelper.a */ = {isa = PBXFileReference; explicitFileType = archive.ar; includeInIndex = 0; path = libFrequencyHelper.a; sourceTree = BUILT_PRODUCTS_DIR; };
/* End PBXFileReference section */

/* Begin PBXFrameworksBuildPhase section */
		81BCCA262789DBC500DDB86F /* Frameworks */ = {
			isa = PBXFrameworksBuildPhase;
			buildActionMask = 2147483647;
			files = (
			);
			runOnlyForDeploymentPostprocessing = 0;
		};
/* End PBXFrameworksBuildPhase section */

/* Begin PBXGroup section */
		814D53392789DE7800D0DF2E /* momu source */ = {
			isa = PBXGroup;
			children = (
				814D533A2789DE7800D0DF2E /* mo_audio.h */,
				814D533B2789DE7800D0DF2E /* mo_def.h */,
				814D533C2789DE7800D0DF2E /* mo_gfx.h */,
				814D533D2789DE7800D0DF2E /* mo_audio.mm */,
				814D533E2789DE7800D0DF2E /* mo_gfx.mm */,
			);
			path = "momu source";
			sourceTree = "<group>";
		};
		814D53502789E35200D0DF2E /* Frameworks */ = {
			isa = PBXGroup;
			children = (
				814D53512789E35200D0DF2E /* AudioToolbox.framework */,
			);
			name = Frameworks;
			sourceTree = "<group>";
		};
		81BCCA202789DBC500DDB86F = {
			isa = PBXGroup;
			children = (
				81BCCA2B2789DBC500DDB86F /* FrequencyHelper */,
				81BCCA2A2789DBC500DDB86F /* Products */,
				814D53502789E35200D0DF2E /* Frameworks */,
			);
			sourceTree = "<group>";
		};
		81BCCA2A2789DBC500DDB86F /* Products */ = {
			isa = PBXGroup;
			children = (
				81BCCA292789DBC500DDB86F /* libFrequencyHelper.a */,
			);
			name = Products;
			sourceTree = "<group>";
		};
		81BCCA2B2789DBC500DDB86F /* FrequencyHelper */ = {
			isa = PBXGroup;
			children = (
				814D53392789DE7800D0DF2E /* momu source */,
				814D53372789DE7800D0DF2E /* FFTHelper.h */,
				814D53402789DE7800D0DF2E /* FFTHelper.mm */,
				814D53382789DE7800D0DF2E /* FrequencyHelper.h */,
				814D533F2789DE7800D0DF2E /* FrequencyHelper.mm */,
			);
			path = FrequencyHelper;
			sourceTree = "<group>";
		};
/* End PBXGroup section */

/* Begin PBXNativeTarget section */
		81BCCA282789DBC500DDB86F /* FrequencyHelper */ = {
			isa = PBXNativeTarget;
			buildConfigurationList = 81BCCA322789DBC500DDB86F /* Build configuration list for PBXNativeTarget "FrequencyHelper" */;
			buildPhases = (
				81BCCA252789DBC500DDB86F /* Sources */,
				81BCCA262789DBC500DDB86F /* Frameworks */,
				81BCCA272789DBC500DDB86F /* CopyFiles */,
			);
			buildRules = (
			);
			dependencies = (
			);
			name = FrequencyHelper;
			productName = FrequencyHelper;
			productReference = 81BCCA292789DBC500DDB86F /* libFrequencyHelper.a */;
			productType = "com.apple.product-type.library.static";
		};
/* End PBXNativeTarget section */

/* Begin PBXProject section */
		81BCCA212789DBC500DDB86F /* Project object */ = {
			isa = PBXProject;
			attributes = {
				BuildIndependentTargetsInParallel = 1;
				LastUpgradeCheck = 1310;
				TargetAttributes = {
					81BCCA282789DBC500DDB86F = {
						CreatedOnToolsVersion = 13.1;
					};
				};
			};
			buildConfigurationList = 81BCCA242789DBC500DDB86F /* Build configuration list for PBXProject "FrequencyHelper" */;
			compatibilityVersion = "Xcode 13.0";
			developmentRegion = en;
			hasScannedForEncodings = 0;
			knownRegions = (
				en,
				Base,
			);
			mainGroup = 81BCCA202789DBC500DDB86F;
			productRefGroup = 81BCCA2A2789DBC500DDB86F /* Products */;
			projectDirPath = "";
			projectRoot = "";
			targets = (
				81BCCA282789DBC500DDB86F /* FrequencyHelper */,
			);
		};
/* End PBXProject section */

/* Begin PBXSourcesBuildPhase section */
		81BCCA252789DBC500DDB86F /* Sources */ = {
			isa = PBXSourcesBuildPhase;
			buildActionMask = 2147483647;
			files = (
				814D53442789DE7800D0DF2E /* FFTHelper.mm in Sources */,
				814D53412789DE7800D0DF2E /* mo_audio.mm in Sources */,
				814D53422789DE7800D0DF2E /* mo_gfx.mm in Sources */,
				814D53432789DE7800D0DF2E /* FrequencyHelper.mm in Sources */,
			);
			runOnlyForDeploymentPostprocessing = 0;
		};
/* End PBXSourcesBuildPhase section */

/* Begin XCBuildConfiguration section */
		81BCCA302789DBC500DDB86F /* Debug */ = {
			isa = XCBuildConfiguration;
			buildSettings = {
				ALWAYS_SEARCH_USER_PATHS = NO;
				CLANG_ANALYZER_NONNULL = YES;
				CLANG_ANALYZER_NUMBER_OBJECT_CONVERSION = YES_AGGRESSIVE;
				CLANG_CXX_LANGUAGE_STANDARD = "gnu++17";
				CLANG_CXX_LIBRARY = "libc++";
				CLANG_ENABLE_MODULES = YES;
				CLANG_ENABLE_OBJC_ARC = YES;
				CLANG_ENABLE_OBJC_WEAK = YES;
				CLANG_WARN_BLOCK_CAPTURE_AUTORELEASING = YES;
				CLANG_WARN_BOOL_CONVERSION = YES;
				CLANG_WARN_COMMA = YES;
				CLANG_WARN_CONSTANT_CONVERSION = YES;
				CLANG_WARN_DEPRECATED_OBJC_IMPLEMENTATIONS = YES;
				CLANG_WARN_DIRECT_OBJC_ISA_USAGE = YES_ERROR;
				CLANG_WARN_DOCUMENTATION_COMMENTS = YES;
				CLANG_WARN_EMPTY_BODY = YES;
				CLANG_WARN_ENUM_CONVERSION = YES;
				CLANG_WARN_INFINITE_RECURSION = YES;
				CLANG_WARN_INT_CONVERSION = YES;
				CLANG_WARN_NON_LITERAL_NULL_CONVERSION = YES;
				CLANG_WARN_OBJC_IMPLICIT_RETAIN_SELF = YES;
				CLANG_WARN_OBJC_LITERAL_CONVERSION = YES;
				CLANG_WARN_OBJC_ROOT_CLASS = YES_ERROR;
				CLANG_WARN_QUOTED_INCLUDE_IN_FRAMEWORK_HEADER = YES;
				CLANG_WARN_RANGE_LOOP_ANALYSIS = YES;
				CLANG_WARN_STRICT_PROTOTYPES = YES;
				CLANG_WARN_SUSPICIOUS_MOVE = YES;
				CLANG_WARN_UNGUARDED_AVAILABILITY = YES_AGGRESSIVE;
				CLANG_WARN_UNREACHABLE_CODE = YES;
				CLANG_WARN__DUPLICATE_METHOD_MATCH = YES;
				COPY_PHASE_STRIP = NO;
				DEBUG_INFORMATION_FORMAT = dwarf;
				ENABLE_STRICT_OBJC_MSGSEND = YES;
				ENABLE_TESTABILITY = YES;
				GCC_C_LANGUAGE_STANDARD = gnu11;
				GCC_DYNAMIC_NO_PIC = NO;
				GCC_NO_COMMON_BLOCKS = YES;
				GCC_OPTIMIZATION_LEVEL = 0;
				GCC_PREPROCESSOR_DEFINITIONS = (
					"DEBUG=1",
					"$(inherited)",
				);
				GCC_WARN_64_TO_32_BIT_CONVERSION = YES;
				GCC_WARN_ABOUT_RETURN_TYPE = YES_ERROR;
				GCC_WARN_UNDECLARED_SELECTOR = YES;
				GCC_WARN_UNINITIALIZED_AUTOS = YES_AGGRESSIVE;
				GCC_WARN_UNUSED_FUNCTION = YES;
				GCC_WARN_UNUSED_VARIABLE = YES;
				IPHONEOS_DEPLOYMENT_TARGET = 15.0;
				MTL_ENABLE_DEBUG_INFO = INCLUDE_SOURCE;
				MTL_FAST_MATH = YES;
				ONLY_ACTIVE_ARCH = YES;
				SDKROOT = iphoneos;
			};
			name = Debug;
		};
		81BCCA312789DBC500DDB86F /* Release */ = {
			isa = XCBuildConfiguration;
			buildSettings = {
				ALWAYS_SEARCH_USER_PATHS = NO;
				CLANG_ANALYZER_NONNULL = YES;
				CLANG_ANALYZER_NUMBER_OBJECT_CONVERSION = YES_AGGRESSIVE;
				CLANG_CXX_LANGUAGE_STANDARD = "gnu++17";
				CLANG_CXX_LIBRARY = "libc++";
				CLANG_ENABLE_MODULES = YES;
				CLANG_ENABLE_OBJC_ARC = YES;
				CLANG_ENABLE_OBJC_WEAK = YES;
				CLANG_WARN_BLOCK_CAPTURE_AUTORELEASING = YES;
				CLANG_WARN_BOOL_CONVERSION = YES;
				CLANG_WARN_COMMA = YES;
				CLANG_WARN_CONSTANT_CONVERSION = YES;
				CLANG_WARN_DEPRECATED_OBJC_IMPLEMENTATIONS = YES;
				CLANG_WARN_DIRECT_OBJC_ISA_USAGE = YES_ERROR;
				CLANG_WARN_DOCUMENTATION_COMMENTS = YES;
				CLANG_WARN_EMPTY_BODY = YES;
				CLANG_WARN_ENUM_CONVERSION = YES;
				CLANG_WARN_INFINITE_RECURSION = YES;
				CLANG_WARN_INT_CONVERSION = YES;
				CLANG_WARN_NON_LITERAL_NULL_CONVERSION = YES;
				CLANG_WARN_OBJC_IMPLICIT_RETAIN_SELF = YES;
				CLANG_WARN_OBJC_LITERAL_CONVERSION = YES;
				CLANG_WARN_OBJC_ROOT_CLASS = YES_ERROR;
				CLANG_WARN_QUOTED_INCLUDE_IN_FRAMEWORK_HEADER = YES;
				CLANG_WARN_RANGE_LOOP_ANALYSIS = YES;
				CLANG_WARN_STRICT_PROTOTYPES = YES;
				CLANG_WARN_SUSPICIOUS_MOVE = YES;
				CLANG_WARN_UNGUARDED_AVAILABILITY = YES_AGGRESSIVE;
				CLANG_WARN_UNREACHABLE_CODE = YES;
				CLANG_WARN__DUPLICATE_METHOD_MATCH = YES;
				COPY_PHASE_STRIP = NO;
				DEBUG_INFORMATION_FORMAT = "dwarf-with-dsym";
				ENABLE_NS_ASSERTIONS = NO;
				ENABLE_STRICT_OBJC_MSGSEND = YES;
				GCC_C_LANGUAGE_STANDARD = gnu11;
				GCC_NO_COMMON_BLOCKS = YES;
				GCC_WARN_64_TO_32_BIT_CONVERSION = YES;
				GCC_WARN_ABOUT_RETURN_TYPE = YES_ERROR;
				GCC_WARN_UNDECLARED_SELECTOR = YES;
				GCC_WARN_UNINITIALIZED_AUTOS = YES_AGGRESSIVE;
				GCC_WARN_UNUSED_FUNCTION = YES;
				GCC_WARN_UNUSED_VARIABLE = YES;
				IPHONEOS_DEPLOYMENT_TARGET = 15.0;
				MTL_ENABLE_DEBUG_INFO = NO;
				MTL_FAST_MATH = YES;
				SDKROOT = iphoneos;
				VALIDATE_PRODUCT = YES;
			};
			name = Release;
		};
		81BCCA332789DBC500DDB86F /* Debug */ = {
			isa = XCBuildConfiguration;
			buildSettings = {
				CLANG_CXX_LANGUAGE_STANDARD = "gnu++0x";
				CLANG_ENABLE_OBJC_ARC = NO;
				CODE_SIGN_STYLE = Automatic;
				GCC_C_LANGUAGE_STANDARD = gnu99;
				OTHER_LDFLAGS = "-ObjC";
				PRODUCT_NAME = "$(TARGET_NAME)";
				SKIP_INSTALL = YES;
				TARGETED_DEVICE_FAMILY = "1,2";
			};
			name = Debug;
		};
		81BCCA342789DBC500DDB86F /* Release */ = {
			isa = XCBuildConfiguration;
			buildSettings = {
				CLANG_CXX_LANGUAGE_STANDARD = "gnu++0x";
				CLANG_ENABLE_OBJC_ARC = NO;
				CODE_SIGN_STYLE = Automatic;
				GCC_C_LANGUAGE_STANDARD = gnu99;
				OTHER_LDFLAGS = "-ObjC";
				PRODUCT_NAME = "$(TARGET_NAME)";
				SKIP_INSTALL = YES;
				TARGETED_DEVICE_FAMILY = "1,2";
			};
			name = Release;
		};
/* End XCBuildConfiguration section */

/* Begin XCConfigurationList section */
		81BCCA242789DBC500DDB86F /* Build configuration list for PBXProject "FrequencyHelper" */ = {
			isa = XCConfigurationList;
			buildConfigurations = (
				81BCCA302789DBC500DDB86F /* Debug */,
				81BCCA312789DBC500DDB86F /* Release */,
			);
			defaultConfigurationIsVisible = 0;
			defaultConfigurationName = Release;
		};
		81BCCA322789DBC500DDB86F /* Build configuration list for PBXNativeTarget "FrequencyHelper" */ = {
			isa = XCConfigurationList;
			buildConfigurations = (
				81BCCA332789DBC500DDB86F /* Debug */,
				81BCCA342789DBC500DDB86F /* Release */,
			);
			defaultConfigurationIsVisible = 0;
			defaultConfigurationName = Release;
		};
/* End XCConfigurationList section */
	};
	rootObject = 81BCCA212789DBC500DDB86F /* Project object */;
}
